
Microsoft Visual Studio Solution File, Format Version 12.00
# Visual Studio Version 16
VisualStudioVersion = 16.0.29709.97
MinimumVisualStudioVersion = 10.0.40219.1
Project("{2150E333-8FDC-42A3-9474-1A3956D46DE8}") = "Build", "Build", "{CD9D71A9-893D-4A64-ABBB-228D088C9377}"
	ProjectSection(SolutionItems) = preProject
		build\build-package-tests.cake = build\build-package-tests.cake
		build\ByteDev.Utilities.cake = build\ByteDev.Utilities.cake
	EndProjectSection
EndProject
Project("{9A19103F-16F7-4668-BE54-9A1E7A4F7556}") = "ByteDev.Nuget.Nuspec.NetCore.PackageTests", "tests\ByteDev.Nuget.Nuspec.NetCore.PackageTests\ByteDev.Nuget.Nuspec.NetCore.PackageTests.csproj", "{F7D29E36-DBC3-4CF6-93E2-6DBD51D0AA25}"
EndProject
Global
	GlobalSection(SolutionConfigurationPlatforms) = preSolution
		Debug|Any CPU = Debug|Any CPU
		Release|Any CPU = Release|Any CPU
	EndGlobalSection
	GlobalSection(ProjectConfigurationPlatforms) = postSolution
		{F7D29E36-DBC3-4CF6-93E2-6DBD51D0AA25}.Debug|Any CPU.ActiveCfg = Debug|Any CPU
		{F7D29E36-DBC3-4CF6-93E2-6DBD51D0AA25}.Debug|Any CPU.Build.0 = Debug|Any CPU
		{F7D29E36-DBC3-4CF6-93E2-6DBD51D0AA25}.Release|Any CPU.ActiveCfg = Release|Any CPU
		{F7D29E36-DBC3-4CF6-93E2-6DBD51D0AA25}.Release|Any CPU.Build.0 = Release|Any CPU
	EndGlobalSection
	GlobalSection(SolutionProperties) = preSolution
		HideSolutionNode = FALSE
	EndGlobalSection
	GlobalSection(ExtensibilityGlobals) = postSolution
		SolutionGuid = {4C591A58-3179-4752-81FC-EFDEDBB097EB}
	EndGlobalSection
EndGlobal
